
Microsoft Visual Studio Solution File, Format Version 12.00
# Visual Studio Version 17
VisualStudioVersion = 17.11.35303.130
MinimumVisualStudioVersion = 10.0.40219.1
Project("{9A19103F-16F7-4668-BE54-9A1E7A4F7556}") = "PracticalProject3", "PracticalProject1\PracticalProject3.csproj", "{6DCA39B5-923A-4105-A49C-695833BA4695}"
EndProject
Project("{9A19103F-16F7-4668-BE54-9A1E7A4F7556}") = "ConsoleAppForPracticalProject3", "ConsoleAppForPracticalProject1\ConsoleAppForPracticalProject3.csproj", "{16754252-0A77-4681-B58A-75461FCB3DE5}"
EndProject
Project("{9A19103F-16F7-4668-BE54-9A1E7A4F7556}") = "PracticalProject3Tests", "PracticalProject2Tests\PracticalProject3Tests.csproj", "{A4D7CDDD-9C20-4F70-B393-ED6EA93D19E7}"
EndProject
Global
	GlobalSection(SolutionConfigurationPlatforms) = preSolution
		Debug|Any CPU = Debug|Any CPU
		Release|Any CPU = Release|Any CPU
	EndGlobalSection
	GlobalSection(ProjectConfigurationPlatforms) = postSolution
		{6DCA39B5-923A-4105-A49C-695833BA4695}.Debug|Any CPU.ActiveCfg = Debug|Any CPU
		{6DCA39B5-923A-4105-A49C-695833BA4695}.Debug|Any CPU.Build.0 = Debug|Any CPU
		{6DCA39B5-923A-4105-A49C-695833BA4695}.Release|Any CPU.ActiveCfg = Release|Any CPU
		{6DCA39B5-923A-4105-A49C-695833BA4695}.Release|Any CPU.Build.0 = Release|Any CPU
		{16754252-0A77-4681-B58A-75461FCB3DE5}.Debug|Any CPU.ActiveCfg = Debug|Any CPU
		{16754252-0A77-4681-B58A-75461FCB3DE5}.Debug|Any CPU.Build.0 = Debug|Any CPU
		{16754252-0A77-4681-B58A-75461FCB3DE5}.Release|Any CPU.ActiveCfg = Release|Any CPU
		{16754252-0A77-4681-B58A-75461FCB3DE5}.Release|Any CPU.Build.0 = Release|Any CPU
		{A4D7CDDD-9C20-4F70-B393-ED6EA93D19E7}.Debug|Any CPU.ActiveCfg = Debug|Any CPU
		{A4D7CDDD-9C20-4F70-B393-ED6EA93D19E7}.Debug|Any CPU.Build.0 = Debug|Any CPU
		{A4D7CDDD-9C20-4F70-B393-ED6EA93D19E7}.Release|Any CPU.ActiveCfg = Release|Any CPU
		{A4D7CDDD-9C20-4F70-B393-ED6EA93D19E7}.Release|Any CPU.Build.0 = Release|Any CPU
	EndGlobalSection
	GlobalSection(SolutionProperties) = preSolution
		HideSolutionNode = FALSE
	EndGlobalSection
	GlobalSection(ExtensibilityGlobals) = postSolution
		SolutionGuid = {7D470B34-70BF-40A8-B171-2C5A094D0805}
	EndGlobalSection
EndGlobal
